
Microsoft Visual Studio Solution File, Format Version 12.00
# Visual Studio Version 17
VisualStudioVersion = 17.3.32819.101
MinimumVisualStudioVersion = 10.0.40219.1
Project("{9A19103F-16F7-4668-BE54-9A1E7A4F7556}") = "ARSoftware.Contpaqi.Add.Sql.Models", "src\ARSoftware.Contpaqi.Add.Sql.Models\ARSoftware.Contpaqi.Add.Sql.Models.csproj", "{BB4ADB4A-EBA4-4F15-815C-AE4362E5F6CC}"
EndProject
Project("{9A19103F-16F7-4668-BE54-9A1E7A4F7556}") = "ARSoftware.Contpaqi.Add.Sql", "src\ARSoftware.Contpaqi.Add.Sql\ARSoftware.Contpaqi.Add.Sql.csproj", "{0ADBB3F9-51E0-49F0-B8AA-F73AF135F40C}"
EndProject
Project("{FAE04EC0-301F-11D3-BF4B-00C04F79EFBC}") = "Sql.MigrationsStartupProject", "src\Sql.MigrationsStartupProject\Sql.MigrationsStartupProject.csproj", "{E81EC115-C961-4692-BB48-4C373A959DEA}"
EndProject
Global
	GlobalSection(SolutionConfigurationPlatforms) = preSolution
		Debug|Any CPU = Debug|Any CPU
		Release|Any CPU = Release|Any CPU
	EndGlobalSection
	GlobalSection(ProjectConfigurationPlatforms) = postSolution
		{BB4ADB4A-EBA4-4F15-815C-AE4362E5F6CC}.Debug|Any CPU.ActiveCfg = Debug|Any CPU
		{BB4ADB4A-EBA4-4F15-815C-AE4362E5F6CC}.Debug|Any CPU.Build.0 = Debug|Any CPU
		{BB4ADB4A-EBA4-4F15-815C-AE4362E5F6CC}.Release|Any CPU.ActiveCfg = Release|Any CPU
		{BB4ADB4A-EBA4-4F15-815C-AE4362E5F6CC}.Release|Any CPU.Build.0 = Release|Any CPU
		{0ADBB3F9-51E0-49F0-B8AA-F73AF135F40C}.Debug|Any CPU.ActiveCfg = Debug|Any CPU
		{0ADBB3F9-51E0-49F0-B8AA-F73AF135F40C}.Debug|Any CPU.Build.0 = Debug|Any CPU
		{0ADBB3F9-51E0-49F0-B8AA-F73AF135F40C}.Release|Any CPU.ActiveCfg = Release|Any CPU
		{0ADBB3F9-51E0-49F0-B8AA-F73AF135F40C}.Release|Any CPU.Build.0 = Release|Any CPU
		{E81EC115-C961-4692-BB48-4C373A959DEA}.Debug|Any CPU.ActiveCfg = Debug|Any CPU
		{E81EC115-C961-4692-BB48-4C373A959DEA}.Debug|Any CPU.Build.0 = Debug|Any CPU
		{E81EC115-C961-4692-BB48-4C373A959DEA}.Release|Any CPU.ActiveCfg = Release|Any CPU
		{E81EC115-C961-4692-BB48-4C373A959DEA}.Release|Any CPU.Build.0 = Release|Any CPU
	EndGlobalSection
	GlobalSection(SolutionProperties) = preSolution
		HideSolutionNode = FALSE
	EndGlobalSection
	GlobalSection(ExtensibilityGlobals) = postSolution
		SolutionGuid = {9E7728DA-01F6-43AF-981A-39C383BA67D9}
	EndGlobalSection
EndGlobal
