
Microsoft Visual Studio Solution File, Format Version 12.00
# Visual Studio Version 17
VisualStudioVersion = 17.3.32819.101
MinimumVisualStudioVersion = 10.0.40219.1
Project("{FAE04EC0-301F-11D3-BF4B-00C04F79EFBC}") = "ARSoftware.Contpaqi.Add.Sql", "ARSoftware.Contpaqi.Add.Sql\ARSoftware.Contpaqi.Add.Sql.csproj", "{E883E676-4D6D-4106-BF6C-B9FA130C641A}"
EndProject
Project("{FAE04EC0-301F-11D3-BF4B-00C04F79EFBC}") = "ARSoftware.Contpaqi.Add.Sql.Models", "ARSoftware.Contpaqi.Add.Sql.Models\ARSoftware.Contpaqi.Add.Sql.Models.csproj", "{966FE58C-CDCE-4C69-9E5B-517D0AB064A3}"
EndProject
Global
	GlobalSection(SolutionConfigurationPlatforms) = preSolution
		Debug|Any CPU = Debug|Any CPU
		Release|Any CPU = Release|Any CPU
	EndGlobalSection
	GlobalSection(ProjectConfigurationPlatforms) = postSolution
		{E883E676-4D6D-4106-BF6C-B9FA130C641A}.Debug|Any CPU.ActiveCfg = Debug|Any CPU
		{E883E676-4D6D-4106-BF6C-B9FA130C641A}.Debug|Any CPU.Build.0 = Debug|Any CPU
		{E883E676-4D6D-4106-BF6C-B9FA130C641A}.Release|Any CPU.ActiveCfg = Release|Any CPU
		{E883E676-4D6D-4106-BF6C-B9FA130C641A}.Release|Any CPU.Build.0 = Release|Any CPU
		{966FE58C-CDCE-4C69-9E5B-517D0AB064A3}.Debug|Any CPU.ActiveCfg = Debug|Any CPU
		{966FE58C-CDCE-4C69-9E5B-517D0AB064A3}.Debug|Any CPU.Build.0 = Debug|Any CPU
		{966FE58C-CDCE-4C69-9E5B-517D0AB064A3}.Release|Any CPU.ActiveCfg = Release|Any CPU
		{966FE58C-CDCE-4C69-9E5B-517D0AB064A3}.Release|Any CPU.Build.0 = Release|Any CPU
	EndGlobalSection
	GlobalSection(SolutionProperties) = preSolution
		HideSolutionNode = FALSE
	EndGlobalSection
	GlobalSection(ExtensibilityGlobals) = postSolution
		SolutionGuid = {9E7728DA-01F6-43AF-981A-39C383BA67D9}
	EndGlobalSection
EndGlobal
